{
  "name": "2016-js-na-web-crud-com-javascript-assincrono-projeto_inicial",
  "version": "1.0.0",
  "lockfileVersion": 3,
  "requires": true,
  "packages": {
    "": {
      "name": "2016-js-na-web-crud-com-javascript-assincrono-projeto_inicial",
      "version": "1.0.0",
      "license": "ISC"
    }
  }
}
